// !$*UTF8*$!
{
	archiveVersion = 1;
	classes = {
	};
	objectVersion = 56;
	objects = {

/* Begin PBXBuildFile section */
		CA01D54F2A309BBD001B9DBC /* SettingsView.swift in Sources */ = {isa = PBXBuildFile; fileRef = CA01D54E2A309BBD001B9DBC /* SettingsView.swift */; };
		CA2B4C462A4977BC005ED3E7 /* Animation.swift in Sources */ = {isa = PBXBuildFile; fileRef = CA2B4C452A4977BC005ED3E7 /* Animation.swift */; };
		CA2B4C482A497C6A005ED3E7 /* CalendarCapsuleGraph.swift in Sources */ = {isa = PBXBuildFile; fileRef = CA2B4C472A497C6A005ED3E7 /* CalendarCapsuleGraph.swift */; };
		CA2B4C4A2A499CFD005ED3E7 /* CalendarNavigationView.swift in Sources */ = {isa = PBXBuildFile; fileRef = CA2B4C492A499CFD005ED3E7 /* CalendarNavigationView.swift */; };
		CA2B4C4D2A49B8F2005ED3E7 /* CalendarGraphEntry.swift in Sources */ = {isa = PBXBuildFile; fileRef = CA2B4C4C2A49B8F2005ED3E7 /* CalendarGraphEntry.swift */; };
		CA48135E2A44485C00AA7A1C /* Date.swift in Sources */ = {isa = PBXBuildFile; fileRef = CA48135D2A44485C00AA7A1C /* Date.swift */; };
		CA6789E82A33762A002CB46A /* TimerSnap.swift in Sources */ = {isa = PBXBuildFile; fileRef = CA6789E72A33762A002CB46A /* TimerSnap.swift */; };
		CA6B06A22A2C6E4000F62E56 /* PomodoroIconView.swift in Sources */ = {isa = PBXBuildFile; fileRef = CA6B06A12A2C6E4000F62E56 /* PomodoroIconView.swift */; };
		CA72DA422A372B7C00998051 /* SwiftUITooltip in Frameworks */ = {isa = PBXBuildFile; productRef = CA72DA412A372B7C00998051 /* SwiftUITooltip */; };
		CA72DA462A38819D00998051 /* CustomModal.swift in Sources */ = {isa = PBXBuildFile; fileRef = CA72DA452A38819D00998051 /* CustomModal.swift */; };
		CA72DA482A3894C300998051 /* CalendarView.swift in Sources */ = {isa = PBXBuildFile; fileRef = CA72DA472A3894C300998051 /* CalendarView.swift */; };
		CA771EFA2A4ADFEE009BF829 /* CalendarNavigationTextView.swift in Sources */ = {isa = PBXBuildFile; fileRef = CA771EF92A4ADFEE009BF829 /* CalendarNavigationTextView.swift */; };
		CA951B2B2A3DF0CA0041E5FB /* CalendarCapsule.swift in Sources */ = {isa = PBXBuildFile; fileRef = CA951B2A2A3DF0CA0041E5FB /* CalendarCapsule.swift */; };
		CA9984C92A4B1F2600B0D897 /* MonthlyCalendarGraph.swift in Sources */ = {isa = PBXBuildFile; fileRef = CA9984C82A4B1F2600B0D897 /* MonthlyCalendarGraph.swift */; };
		CAA7FCDF2A3B24EB00E5E51C /* Calendar.swift in Sources */ = {isa = PBXBuildFile; fileRef = CAA7FCDE2A3B24EB00E5E51C /* Calendar.swift */; };
		CAA7FCE12A3B96ED00E5E51C /* CalendarFormat.swift in Sources */ = {isa = PBXBuildFile; fileRef = CAA7FCE02A3B96ED00E5E51C /* CalendarFormat.swift */; };
		CAA95F2E2A2DD13D00057B26 /* ModelData.swift in Sources */ = {isa = PBXBuildFile; fileRef = CAA95F2D2A2DD13D00057B26 /* ModelData.swift */; };
		CAA95F322A2DE7DC00057B26 /* PopupView.swift in Sources */ = {isa = PBXBuildFile; fileRef = CAA95F312A2DE7DC00057B26 /* PopupView.swift */; };
		CAA996482A39D3920096A7F8 /* DataModel.xcdatamodeld in Sources */ = {isa = PBXBuildFile; fileRef = CAA996462A39D3920096A7F8 /* DataModel.xcdatamodeld */; };
		CAA9964A2A39D44D0096A7F8 /* PersistenceController.swift in Sources */ = {isa = PBXBuildFile; fileRef = CAA996492A39D44D0096A7F8 /* PersistenceController.swift */; };
		CAD1A1972A48668200503402 /* YearlyCalendarGraph.swift in Sources */ = {isa = PBXBuildFile; fileRef = CAD1A1962A48668200503402 /* YearlyCalendarGraph.swift */; };
		CAD1A1992A48671700503402 /* Int.swift in Sources */ = {isa = PBXBuildFile; fileRef = CAD1A1982A48671700503402 /* Int.swift */; };
		CAD1E6682A237A4E00C0C4C8 /* SwiftUIFontIcon in Frameworks */ = {isa = PBXBuildFile; productRef = CAD1E6672A237A4E00C0C4C8 /* SwiftUIFontIcon */; };
		CAD7C4DF2A4DBF29009003C9 /* FloatingButton in Frameworks */ = {isa = PBXBuildFile; productRef = CAD7C4DE2A4DBF29009003C9 /* FloatingButton */; };
		CAD7C4E12A4DBF87009003C9 /* FabView.swift in Sources */ = {isa = PBXBuildFile; fileRef = CAD7C4E02A4DBF87009003C9 /* FabView.swift */; };
		CAD7C4E42A4E2E85009003C9 /* FabIconTextButton.swift in Sources */ = {isa = PBXBuildFile; fileRef = CAD7C4E32A4E2E85009003C9 /* FabIconTextButton.swift */; };
		CAD7C4E62A4E31A3009003C9 /* Color.swift in Sources */ = {isa = PBXBuildFile; fileRef = CAD7C4E52A4E31A3009003C9 /* Color.swift */; };
		CAE3D51D2A2F4BC900AD88F1 /* Sound.swift in Sources */ = {isa = PBXBuildFile; fileRef = CAE3D51C2A2F4BC900AD88F1 /* Sound.swift */; };
		CAE3D5282A2F684700AD88F1 /* pomodoro_timer.riv in Resources */ = {isa = PBXBuildFile; fileRef = CAE3D5272A2F684700AD88F1 /* pomodoro_timer.riv */; };
		CAE3D52C2A2F6AF900AD88F1 /* Reception Bell.mp3 in Resources */ = {isa = PBXBuildFile; fileRef = CAE3D52B2A2F6AF900AD88F1 /* Reception Bell.mp3 */; };
		CAF098F62A1FB1F600606A83 /* PomodoroApp.swift in Sources */ = {isa = PBXBuildFile; fileRef = CAF098F52A1FB1F600606A83 /* PomodoroApp.swift */; };
		CAF098FA2A1FB21500606A83 /* Assets.xcassets in Resources */ = {isa = PBXBuildFile; fileRef = CAF098F92A1FB21500606A83 /* Assets.xcassets */; };
		CAF098FD2A1FB21500606A83 /* Preview Assets.xcassets in Resources */ = {isa = PBXBuildFile; fileRef = CAF098FC2A1FB21500606A83 /* Preview Assets.xcassets */; };
		CAF099072A1FBB8900606A83 /* RiveRuntime in Frameworks */ = {isa = PBXBuildFile; productRef = CAF099062A1FBB8900606A83 /* RiveRuntime */; };
		CAF0990D2A222A2E00606A83 /* AnimationView.swift in Sources */ = {isa = PBXBuildFile; fileRef = CAF0990C2A222A2E00606A83 /* AnimationView.swift */; };
		CAFC9E052A3F14BE003CAB98 /* WeeklyCalendarGraph.swift in Sources */ = {isa = PBXBuildFile; fileRef = CAFC9E042A3F14BE003CAB98 /* WeeklyCalendarGraph.swift */; };
/* End PBXBuildFile section */

/* Begin PBXFileReference section */
		CA01D54E2A309BBD001B9DBC /* SettingsView.swift */ = {isa = PBXFileReference; lastKnownFileType = sourcecode.swift; path = SettingsView.swift; sourceTree = "<group>"; };
		CA2B4C452A4977BC005ED3E7 /* Animation.swift */ = {isa = PBXFileReference; lastKnownFileType = sourcecode.swift; path = Animation.swift; sourceTree = "<group>"; };
		CA2B4C472A497C6A005ED3E7 /* CalendarCapsuleGraph.swift */ = {isa = PBXFileReference; lastKnownFileType = sourcecode.swift; path = CalendarCapsuleGraph.swift; sourceTree = "<group>"; };
		CA2B4C492A499CFD005ED3E7 /* CalendarNavigationView.swift */ = {isa = PBXFileReference; lastKnownFileType = sourcecode.swift; path = CalendarNavigationView.swift; sourceTree = "<group>"; };
		CA2B4C4C2A49B8F2005ED3E7 /* CalendarGraphEntry.swift */ = {isa = PBXFileReference; lastKnownFileType = sourcecode.swift; path = CalendarGraphEntry.swift; sourceTree = "<group>"; };
		CA48135D2A44485C00AA7A1C /* Date.swift */ = {isa = PBXFileReference; lastKnownFileType = sourcecode.swift; path = Date.swift; sourceTree = "<group>"; };
		CA6789E72A33762A002CB46A /* TimerSnap.swift */ = {isa = PBXFileReference; lastKnownFileType = sourcecode.swift; path = TimerSnap.swift; sourceTree = "<group>"; };
		CA6B06A12A2C6E4000F62E56 /* PomodoroIconView.swift */ = {isa = PBXFileReference; lastKnownFileType = sourcecode.swift; path = PomodoroIconView.swift; sourceTree = "<group>"; };
		CA72DA452A38819D00998051 /* CustomModal.swift */ = {isa = PBXFileReference; lastKnownFileType = sourcecode.swift; path = CustomModal.swift; sourceTree = "<group>"; };
		CA72DA472A3894C300998051 /* CalendarView.swift */ = {isa = PBXFileReference; lastKnownFileType = sourcecode.swift; path = CalendarView.swift; sourceTree = "<group>"; };
		CA771EF92A4ADFEE009BF829 /* CalendarNavigationTextView.swift */ = {isa = PBXFileReference; lastKnownFileType = sourcecode.swift; path = CalendarNavigationTextView.swift; sourceTree = "<group>"; };
		CA951B2A2A3DF0CA0041E5FB /* CalendarCapsule.swift */ = {isa = PBXFileReference; lastKnownFileType = sourcecode.swift; path = CalendarCapsule.swift; sourceTree = "<group>"; };
		CA9984C82A4B1F2600B0D897 /* MonthlyCalendarGraph.swift */ = {isa = PBXFileReference; lastKnownFileType = sourcecode.swift; path = MonthlyCalendarGraph.swift; sourceTree = "<group>"; };
		CAA7FCDE2A3B24EB00E5E51C /* Calendar.swift */ = {isa = PBXFileReference; lastKnownFileType = sourcecode.swift; path = Calendar.swift; sourceTree = "<group>"; };
		CAA7FCE02A3B96ED00E5E51C /* CalendarFormat.swift */ = {isa = PBXFileReference; lastKnownFileType = sourcecode.swift; path = CalendarFormat.swift; sourceTree = "<group>"; };
		CAA95F2D2A2DD13D00057B26 /* ModelData.swift */ = {isa = PBXFileReference; lastKnownFileType = sourcecode.swift; path = ModelData.swift; sourceTree = "<group>"; };
		CAA95F312A2DE7DC00057B26 /* PopupView.swift */ = {isa = PBXFileReference; lastKnownFileType = sourcecode.swift; path = PopupView.swift; sourceTree = "<group>"; };
		CAA996472A39D3920096A7F8 /* DataModel.xcdatamodel */ = {isa = PBXFileReference; lastKnownFileType = wrapper.xcdatamodel; path = DataModel.xcdatamodel; sourceTree = "<group>"; };
		CAA996492A39D44D0096A7F8 /* PersistenceController.swift */ = {isa = PBXFileReference; lastKnownFileType = sourcecode.swift; path = PersistenceController.swift; sourceTree = "<group>"; };
		CAD1A1962A48668200503402 /* YearlyCalendarGraph.swift */ = {isa = PBXFileReference; lastKnownFileType = sourcecode.swift; path = YearlyCalendarGraph.swift; sourceTree = "<group>"; };
		CAD1A1982A48671700503402 /* Int.swift */ = {isa = PBXFileReference; lastKnownFileType = sourcecode.swift; path = Int.swift; sourceTree = "<group>"; };
		CAD7C4E02A4DBF87009003C9 /* FabView.swift */ = {isa = PBXFileReference; lastKnownFileType = sourcecode.swift; path = FabView.swift; sourceTree = "<group>"; };
		CAD7C4E32A4E2E85009003C9 /* FabIconTextButton.swift */ = {isa = PBXFileReference; lastKnownFileType = sourcecode.swift; path = FabIconTextButton.swift; sourceTree = "<group>"; };
		CAD7C4E52A4E31A3009003C9 /* Color.swift */ = {isa = PBXFileReference; lastKnownFileType = sourcecode.swift; path = Color.swift; sourceTree = "<group>"; };
		CAE3D51C2A2F4BC900AD88F1 /* Sound.swift */ = {isa = PBXFileReference; lastKnownFileType = sourcecode.swift; path = Sound.swift; sourceTree = "<group>"; };
		CAE3D5272A2F684700AD88F1 /* pomodoro_timer.riv */ = {isa = PBXFileReference; lastKnownFileType = file; path = pomodoro_timer.riv; sourceTree = "<group>"; };
		CAE3D52B2A2F6AF900AD88F1 /* Reception Bell.mp3 */ = {isa = PBXFileReference; lastKnownFileType = audio.mp3; path = "Reception Bell.mp3"; sourceTree = "<group>"; };
		CAF098F22A1FB1F600606A83 /* Pomodoro.app */ = {isa = PBXFileReference; explicitFileType = wrapper.application; includeInIndex = 0; path = Pomodoro.app; sourceTree = BUILT_PRODUCTS_DIR; };
		CAF098F52A1FB1F600606A83 /* PomodoroApp.swift */ = {isa = PBXFileReference; lastKnownFileType = sourcecode.swift; path = PomodoroApp.swift; sourceTree = "<group>"; };
		CAF098F92A1FB21500606A83 /* Assets.xcassets */ = {isa = PBXFileReference; lastKnownFileType = folder.assetcatalog; path = Assets.xcassets; sourceTree = "<group>"; };
		CAF098FC2A1FB21500606A83 /* Preview Assets.xcassets */ = {isa = PBXFileReference; lastKnownFileType = folder.assetcatalog; path = "Preview Assets.xcassets"; sourceTree = "<group>"; };
		CAF098FE2A1FB21500606A83 /* Pomodoro.entitlements */ = {isa = PBXFileReference; lastKnownFileType = text.plist.entitlements; path = Pomodoro.entitlements; sourceTree = "<group>"; };
		CAF0990C2A222A2E00606A83 /* AnimationView.swift */ = {isa = PBXFileReference; lastKnownFileType = sourcecode.swift; path = AnimationView.swift; sourceTree = "<group>"; };
		CAFC9E042A3F14BE003CAB98 /* WeeklyCalendarGraph.swift */ = {isa = PBXFileReference; lastKnownFileType = sourcecode.swift; path = WeeklyCalendarGraph.swift; sourceTree = "<group>"; };
/* End PBXFileReference section */

/* Begin PBXFrameworksBuildPhase section */
		CAF098EF2A1FB1F600606A83 /* Frameworks */ = {
			isa = PBXFrameworksBuildPhase;
			buildActionMask = 2147483647;
			files = (
				CAD1E6682A237A4E00C0C4C8 /* SwiftUIFontIcon in Frameworks */,
				CA72DA422A372B7C00998051 /* SwiftUITooltip in Frameworks */,
				CAD7C4DF2A4DBF29009003C9 /* FloatingButton in Frameworks */,
				CAF099072A1FBB8900606A83 /* RiveRuntime in Frameworks */,
			);
			runOnlyForDeploymentPostprocessing = 0;
		};
/* End PBXFrameworksBuildPhase section */

/* Begin PBXGroup section */
		CA48135C2A44482C00AA7A1C /* Extensions */ = {
			isa = PBXGroup;
			children = (
				CA2B4C452A4977BC005ED3E7 /* Animation.swift */,
				CAD7C4E52A4E31A3009003C9 /* Color.swift */,
				CA48135D2A44485C00AA7A1C /* Date.swift */,
				CAD1A1982A48671700503402 /* Int.swift */,
			);
			path = Extensions;
			sourceTree = "<group>";
		};
		CA6789E62A337617002CB46A /* Enums */ = {
			isa = PBXGroup;
			children = (
				CA6789E72A33762A002CB46A /* TimerSnap.swift */,
				CAA7FCE02A3B96ED00E5E51C /* CalendarFormat.swift */,
			);
			path = Enums;
			sourceTree = "<group>";
		};
		CA951B272A3DF0630041E5FB /* Calendar */ = {
			isa = PBXGroup;
			children = (
				CA72DA472A3894C300998051 /* CalendarView.swift */,
				CA2B4C492A499CFD005ED3E7 /* CalendarNavigationView.swift */,
				CA771EF92A4ADFEE009BF829 /* CalendarNavigationTextView.swift */,
				CAFC9E042A3F14BE003CAB98 /* WeeklyCalendarGraph.swift */,
				CA9984C82A4B1F2600B0D897 /* MonthlyCalendarGraph.swift */,
				CAD1A1962A48668200503402 /* YearlyCalendarGraph.swift */,
				CA2B4C472A497C6A005ED3E7 /* CalendarCapsuleGraph.swift */,
				CA951B2A2A3DF0CA0041E5FB /* CalendarCapsule.swift */,
			);
			path = Calendar;
			sourceTree = "<group>";
		};
		CAA95F2B2A2DD0E500057B26 /* Model */ = {
			isa = PBXGroup;
			children = (
				CAA95F2D2A2DD13D00057B26 /* ModelData.swift */,
				CA2B4C4C2A49B8F2005ED3E7 /* CalendarGraphEntry.swift */,
			);
			path = Model;
			sourceTree = "<group>";
		};
		CAA95F2C2A2DD0F200057B26 /* Views */ = {
			isa = PBXGroup;
			children = (
				CAF0990C2A222A2E00606A83 /* AnimationView.swift */,
				CA6B06A12A2C6E4000F62E56 /* PomodoroIconView.swift */,
				CAA95F312A2DE7DC00057B26 /* PopupView.swift */,
				CA01D54E2A309BBD001B9DBC /* SettingsView.swift */,
				CA72DA452A38819D00998051 /* CustomModal.swift */,
				CA951B272A3DF0630041E5FB /* Calendar */,
				CAD7C4E22A4E2DF4009003C9 /* Fab */,
			);
			path = Views;
			sourceTree = "<group>";
		};
		CAD7C4E22A4E2DF4009003C9 /* Fab */ = {
			isa = PBXGroup;
			children = (
				CAD7C4E02A4DBF87009003C9 /* FabView.swift */,
				CAD7C4E32A4E2E85009003C9 /* FabIconTextButton.swift */,
			);
			path = Fab;
			sourceTree = "<group>";
		};
		CAE3D51B2A2F4BA200AD88F1 /* Utils */ = {
			isa = PBXGroup;
			children = (
				CAA7FCDE2A3B24EB00E5E51C /* Calendar.swift */,
				CAE3D51C2A2F4BC900AD88F1 /* Sound.swift */,
			);
			path = Utils;
			sourceTree = "<group>";
		};
		CAE3D5202A2F670600AD88F1 /* SoundAssets */ = {
			isa = PBXGroup;
			children = (
				CAE3D52B2A2F6AF900AD88F1 /* Reception Bell.mp3 */,
			);
			path = SoundAssets;
			sourceTree = "<group>";
		};
		CAF098E92A1FB1F600606A83 = {
			isa = PBXGroup;
			children = (
				CAF098F42A1FB1F600606A83 /* Pomodoro */,
				CAF098F32A1FB1F600606A83 /* Products */,
			);
			sourceTree = "<group>";
		};
		CAF098F32A1FB1F600606A83 /* Products */ = {
			isa = PBXGroup;
			children = (
				CAF098F22A1FB1F600606A83 /* Pomodoro.app */,
			);
			name = Products;
			sourceTree = "<group>";
		};
		CAF098F42A1FB1F600606A83 /* Pomodoro */ = {
			isa = PBXGroup;
			children = (
				CAF098F52A1FB1F600606A83 /* PomodoroApp.swift */,
				CAA996462A39D3920096A7F8 /* DataModel.xcdatamodeld */,
				CAA996492A39D44D0096A7F8 /* PersistenceController.swift */,
				CAA95F2C2A2DD0F200057B26 /* Views */,
				CAA95F2B2A2DD0E500057B26 /* Model */,
				CA6789E62A337617002CB46A /* Enums */,
				CAE3D51B2A2F4BA200AD88F1 /* Utils */,
				CA48135C2A44482C00AA7A1C /* Extensions */,
				CAF098F92A1FB21500606A83 /* Assets.xcassets */,
				CAF099082A2227ED00606A83 /* RiveAssets */,
				CAE3D5202A2F670600AD88F1 /* SoundAssets */,
				CAF098FE2A1FB21500606A83 /* Pomodoro.entitlements */,
				CAF098FB2A1FB21500606A83 /* Preview Content */,
			);
			path = Pomodoro;
			sourceTree = "<group>";
		};
		CAF098FB2A1FB21500606A83 /* Preview Content */ = {
			isa = PBXGroup;
			children = (
				CAF098FC2A1FB21500606A83 /* Preview Assets.xcassets */,
			);
			path = "Preview Content";
			sourceTree = "<group>";
		};
		CAF099082A2227ED00606A83 /* RiveAssets */ = {
			isa = PBXGroup;
			children = (
				CAE3D5272A2F684700AD88F1 /* pomodoro_timer.riv */,
			);
			path = RiveAssets;
			sourceTree = "<group>";
		};
/* End PBXGroup section */

/* Begin PBXNativeTarget section */
		CAF098F12A1FB1F600606A83 /* Pomodoro */ = {
			isa = PBXNativeTarget;
			buildConfigurationList = CAF099012A1FB21500606A83 /* Build configuration list for PBXNativeTarget "Pomodoro" */;
			buildPhases = (
				CAF098EE2A1FB1F600606A83 /* Sources */,
				CAF098EF2A1FB1F600606A83 /* Frameworks */,
				CAF098F02A1FB1F600606A83 /* Resources */,
			);
			buildRules = (
			);
			dependencies = (
			);
			name = Pomodoro;
			packageProductDependencies = (
				CAF099062A1FBB8900606A83 /* RiveRuntime */,
				CAD1E6672A237A4E00C0C4C8 /* SwiftUIFontIcon */,
				CA72DA412A372B7C00998051 /* SwiftUITooltip */,
				CAD7C4DE2A4DBF29009003C9 /* FloatingButton */,
			);
			productName = Pomodoro;
			productReference = CAF098F22A1FB1F600606A83 /* Pomodoro.app */;
			productType = "com.apple.product-type.application";
		};
/* End PBXNativeTarget section */

/* Begin PBXProject section */
		CAF098EA2A1FB1F600606A83 /* Project object */ = {
			isa = PBXProject;
			attributes = {
				BuildIndependentTargetsInParallel = 1;
				LastSwiftUpdateCheck = 1430;
				LastUpgradeCheck = 1430;
				TargetAttributes = {
					CAF098F12A1FB1F600606A83 = {
						CreatedOnToolsVersion = 14.3;
					};
				};
			};
			buildConfigurationList = CAF098ED2A1FB1F600606A83 /* Build configuration list for PBXProject "Pomodoro" */;
			compatibilityVersion = "Xcode 14.0";
			developmentRegion = en;
			hasScannedForEncodings = 0;
			knownRegions = (
				en,
				Base,
			);
			mainGroup = CAF098E92A1FB1F600606A83;
			packageReferences = (
				CAF099052A1FBB8900606A83 /* XCRemoteSwiftPackageReference "rive-ios" */,
				CAD1E6662A237A4E00C0C4C8 /* XCRemoteSwiftPackageReference "SwiftUIFontIcon" */,
				CA72DA402A372B7C00998051 /* XCRemoteSwiftPackageReference "SwiftUI-Tooltip" */,
				CAD7C4DD2A4DBF29009003C9 /* XCRemoteSwiftPackageReference "FloatingButton" */,
			);
			productRefGroup = CAF098F32A1FB1F600606A83 /* Products */;
			projectDirPath = "";
			projectRoot = "";
			targets = (
				CAF098F12A1FB1F600606A83 /* Pomodoro */,
			);
		};
/* End PBXProject section */

/* Begin PBXResourcesBuildPhase section */
		CAF098F02A1FB1F600606A83 /* Resources */ = {
			isa = PBXResourcesBuildPhase;
			buildActionMask = 2147483647;
			files = (
				CAE3D52C2A2F6AF900AD88F1 /* Reception Bell.mp3 in Resources */,
				CAE3D5282A2F684700AD88F1 /* pomodoro_timer.riv in Resources */,
				CAF098FD2A1FB21500606A83 /* Preview Assets.xcassets in Resources */,
				CAF098FA2A1FB21500606A83 /* Assets.xcassets in Resources */,
			);
			runOnlyForDeploymentPostprocessing = 0;
		};
/* End PBXResourcesBuildPhase section */

/* Begin PBXSourcesBuildPhase section */
		CAF098EE2A1FB1F600606A83 /* Sources */ = {
			isa = PBXSourcesBuildPhase;
			buildActionMask = 2147483647;
			files = (
				CAA996482A39D3920096A7F8 /* DataModel.xcdatamodeld in Sources */,
				CAD7C4E62A4E31A3009003C9 /* Color.swift in Sources */,
				CA72DA482A3894C300998051 /* CalendarView.swift in Sources */,
				CAD1A1992A48671700503402 /* Int.swift in Sources */,
				CAA7FCE12A3B96ED00E5E51C /* CalendarFormat.swift in Sources */,
				CA01D54F2A309BBD001B9DBC /* SettingsView.swift in Sources */,
				CAA9964A2A39D44D0096A7F8 /* PersistenceController.swift in Sources */,
				CAF0990D2A222A2E00606A83 /* AnimationView.swift in Sources */,
				CAD7C4E42A4E2E85009003C9 /* FabIconTextButton.swift in Sources */,
				CA48135E2A44485C00AA7A1C /* Date.swift in Sources */,
				CA2B4C4A2A499CFD005ED3E7 /* CalendarNavigationView.swift in Sources */,
				CAE3D51D2A2F4BC900AD88F1 /* Sound.swift in Sources */,
				CAD7C4E12A4DBF87009003C9 /* FabView.swift in Sources */,
				CA9984C92A4B1F2600B0D897 /* MonthlyCalendarGraph.swift in Sources */,
				CA2B4C4D2A49B8F2005ED3E7 /* CalendarGraphEntry.swift in Sources */,
				CAA95F2E2A2DD13D00057B26 /* ModelData.swift in Sources */,
				CA6B06A22A2C6E4000F62E56 /* PomodoroIconView.swift in Sources */,
				CA72DA462A38819D00998051 /* CustomModal.swift in Sources */,
				CA2B4C482A497C6A005ED3E7 /* CalendarCapsuleGraph.swift in Sources */,
				CAFC9E052A3F14BE003CAB98 /* WeeklyCalendarGraph.swift in Sources */,
				CAA7FCDF2A3B24EB00E5E51C /* Calendar.swift in Sources */,
				CA6789E82A33762A002CB46A /* TimerSnap.swift in Sources */,
				CA771EFA2A4ADFEE009BF829 /* CalendarNavigationTextView.swift in Sources */,
				CAA95F322A2DE7DC00057B26 /* PopupView.swift in Sources */,
				CA951B2B2A3DF0CA0041E5FB /* CalendarCapsule.swift in Sources */,
				CAD1A1972A48668200503402 /* YearlyCalendarGraph.swift in Sources */,
				CA2B4C462A4977BC005ED3E7 /* Animation.swift in Sources */,
				CAF098F62A1FB1F600606A83 /* PomodoroApp.swift in Sources */,
			);
			runOnlyForDeploymentPostprocessing = 0;
		};
/* End PBXSourcesBuildPhase section */

/* Begin XCBuildConfiguration section */
		CAF098FF2A1FB21500606A83 /* Debug */ = {
			isa = XCBuildConfiguration;
			buildSettings = {
				ALWAYS_SEARCH_USER_PATHS = NO;
				CLANG_ANALYZER_NONNULL = YES;
				CLANG_ANALYZER_NUMBER_OBJECT_CONVERSION = YES_AGGRESSIVE;
				CLANG_CXX_LANGUAGE_STANDARD = "gnu++20";
				CLANG_ENABLE_MODULES = YES;
				CLANG_ENABLE_OBJC_ARC = YES;
				CLANG_ENABLE_OBJC_WEAK = YES;
				CLANG_WARN_BLOCK_CAPTURE_AUTORELEASING = YES;
				CLANG_WARN_BOOL_CONVERSION = YES;
				CLANG_WARN_COMMA = YES;
				CLANG_WARN_CONSTANT_CONVERSION = YES;
				CLANG_WARN_DEPRECATED_OBJC_IMPLEMENTATIONS = YES;
				CLANG_WARN_DIRECT_OBJC_ISA_USAGE = YES_ERROR;
				CLANG_WARN_DOCUMENTATION_COMMENTS = YES;
				CLANG_WARN_EMPTY_BODY = YES;
				CLANG_WARN_ENUM_CONVERSION = YES;
				CLANG_WARN_INFINITE_RECURSION = YES;
				CLANG_WARN_INT_CONVERSION = YES;
				CLANG_WARN_NON_LITERAL_NULL_CONVERSION = YES;
				CLANG_WARN_OBJC_IMPLICIT_RETAIN_SELF = YES;
				CLANG_WARN_OBJC_LITERAL_CONVERSION = YES;
				CLANG_WARN_OBJC_ROOT_CLASS = YES_ERROR;
				CLANG_WARN_QUOTED_INCLUDE_IN_FRAMEWORK_HEADER = YES;
				CLANG_WARN_RANGE_LOOP_ANALYSIS = YES;
				CLANG_WARN_STRICT_PROTOTYPES = YES;
				CLANG_WARN_SUSPICIOUS_MOVE = YES;
				CLANG_WARN_UNGUARDED_AVAILABILITY = YES_AGGRESSIVE;
				CLANG_WARN_UNREACHABLE_CODE = YES;
				CLANG_WARN__DUPLICATE_METHOD_MATCH = YES;
				COPY_PHASE_STRIP = NO;
				DEBUG_INFORMATION_FORMAT = dwarf;
				ENABLE_STRICT_OBJC_MSGSEND = YES;
				ENABLE_TESTABILITY = YES;
				GCC_C_LANGUAGE_STANDARD = gnu11;
				GCC_DYNAMIC_NO_PIC = NO;
				GCC_NO_COMMON_BLOCKS = YES;
				GCC_OPTIMIZATION_LEVEL = 0;
				GCC_PREPROCESSOR_DEFINITIONS = (
					"DEBUG=1",
					"$(inherited)",
				);
				GCC_WARN_64_TO_32_BIT_CONVERSION = YES;
				GCC_WARN_ABOUT_RETURN_TYPE = YES_ERROR;
				GCC_WARN_UNDECLARED_SELECTOR = YES;
				GCC_WARN_UNINITIALIZED_AUTOS = YES_AGGRESSIVE;
				GCC_WARN_UNUSED_FUNCTION = YES;
				GCC_WARN_UNUSED_VARIABLE = YES;
				MACOSX_DEPLOYMENT_TARGET = 13.3;
				MTL_ENABLE_DEBUG_INFO = INCLUDE_SOURCE;
				MTL_FAST_MATH = YES;
				ONLY_ACTIVE_ARCH = YES;
				SDKROOT = macosx;
				SWIFT_ACTIVE_COMPILATION_CONDITIONS = DEBUG;
				SWIFT_OPTIMIZATION_LEVEL = "-Onone";
			};
			name = Debug;
		};
		CAF099002A1FB21500606A83 /* Release */ = {
			isa = XCBuildConfiguration;
			buildSettings = {
				ALWAYS_SEARCH_USER_PATHS = NO;
				CLANG_ANALYZER_NONNULL = YES;
				CLANG_ANALYZER_NUMBER_OBJECT_CONVERSION = YES_AGGRESSIVE;
				CLANG_CXX_LANGUAGE_STANDARD = "gnu++20";
				CLANG_ENABLE_MODULES = YES;
				CLANG_ENABLE_OBJC_ARC = YES;
				CLANG_ENABLE_OBJC_WEAK = YES;
				CLANG_WARN_BLOCK_CAPTURE_AUTORELEASING = YES;
				CLANG_WARN_BOOL_CONVERSION = YES;
				CLANG_WARN_COMMA = YES;
				CLANG_WARN_CONSTANT_CONVERSION = YES;
				CLANG_WARN_DEPRECATED_OBJC_IMPLEMENTATIONS = YES;
				CLANG_WARN_DIRECT_OBJC_ISA_USAGE = YES_ERROR;
				CLANG_WARN_DOCUMENTATION_COMMENTS = YES;
				CLANG_WARN_EMPTY_BODY = YES;
				CLANG_WARN_ENUM_CONVERSION = YES;
				CLANG_WARN_INFINITE_RECURSION = YES;
				CLANG_WARN_INT_CONVERSION = YES;
				CLANG_WARN_NON_LITERAL_NULL_CONVERSION = YES;
				CLANG_WARN_OBJC_IMPLICIT_RETAIN_SELF = YES;
				CLANG_WARN_OBJC_LITERAL_CONVERSION = YES;
				CLANG_WARN_OBJC_ROOT_CLASS = YES_ERROR;
				CLANG_WARN_QUOTED_INCLUDE_IN_FRAMEWORK_HEADER = YES;
				CLANG_WARN_RANGE_LOOP_ANALYSIS = YES;
				CLANG_WARN_STRICT_PROTOTYPES = YES;
				CLANG_WARN_SUSPICIOUS_MOVE = YES;
				CLANG_WARN_UNGUARDED_AVAILABILITY = YES_AGGRESSIVE;
				CLANG_WARN_UNREACHABLE_CODE = YES;
				CLANG_WARN__DUPLICATE_METHOD_MATCH = YES;
				COPY_PHASE_STRIP = NO;
				DEBUG_INFORMATION_FORMAT = "dwarf-with-dsym";
				ENABLE_NS_ASSERTIONS = NO;
				ENABLE_STRICT_OBJC_MSGSEND = YES;
				GCC_C_LANGUAGE_STANDARD = gnu11;
				GCC_NO_COMMON_BLOCKS = YES;
				GCC_WARN_64_TO_32_BIT_CONVERSION = YES;
				GCC_WARN_ABOUT_RETURN_TYPE = YES_ERROR;
				GCC_WARN_UNDECLARED_SELECTOR = YES;
				GCC_WARN_UNINITIALIZED_AUTOS = YES_AGGRESSIVE;
				GCC_WARN_UNUSED_FUNCTION = YES;
				GCC_WARN_UNUSED_VARIABLE = YES;
				MACOSX_DEPLOYMENT_TARGET = 13.3;
				MTL_ENABLE_DEBUG_INFO = NO;
				MTL_FAST_MATH = YES;
				SDKROOT = macosx;
				SWIFT_COMPILATION_MODE = wholemodule;
				SWIFT_OPTIMIZATION_LEVEL = "-O";
			};
			name = Release;
		};
		CAF099022A1FB21500606A83 /* Debug */ = {
			isa = XCBuildConfiguration;
			buildSettings = {
				ASSETCATALOG_COMPILER_APPICON_NAME = AppIcon;
				ASSETCATALOG_COMPILER_GLOBAL_ACCENT_COLOR_NAME = AccentColor;
				CODE_SIGN_ENTITLEMENTS = Pomodoro/Pomodoro.entitlements;
				CODE_SIGN_STYLE = Automatic;
				COMBINE_HIDPI_IMAGES = YES;
				CURRENT_PROJECT_VERSION = 1;
				DEVELOPMENT_ASSET_PATHS = "\"Pomodoro/Preview Content\"";
				ENABLE_PREVIEWS = YES;
				GENERATE_INFOPLIST_FILE = YES;
				INFOPLIST_FILE = Pomodoro/Info.plist;
				INFOPLIST_KEY_LSUIElement = YES;
				INFOPLIST_KEY_NSHumanReadableCopyright = "";
				LD_RUNPATH_SEARCH_PATHS = (
					"$(inherited)",
					"@executable_path/../Frameworks",
				);
				MARKETING_VERSION = 1.0;
				PRODUCT_BUNDLE_IDENTIFIER = com.daveyspeers.pomodoro;
				PRODUCT_NAME = "$(TARGET_NAME)";
				SWIFT_EMIT_LOC_STRINGS = YES;
				SWIFT_VERSION = 5.0;
			};
			name = Debug;
		};
		CAF099032A1FB21500606A83 /* Release */ = {
			isa = XCBuildConfiguration;
			buildSettings = {
				ASSETCATALOG_COMPILER_APPICON_NAME = AppIcon;
				ASSETCATALOG_COMPILER_GLOBAL_ACCENT_COLOR_NAME = AccentColor;
				CODE_SIGN_ENTITLEMENTS = Pomodoro/Pomodoro.entitlements;
				CODE_SIGN_STYLE = Automatic;
				COMBINE_HIDPI_IMAGES = YES;
				CURRENT_PROJECT_VERSION = 1;
				DEVELOPMENT_ASSET_PATHS = "\"Pomodoro/Preview Content\"";
				ENABLE_PREVIEWS = YES;
				GENERATE_INFOPLIST_FILE = YES;
				INFOPLIST_FILE = Pomodoro/Info.plist;
				INFOPLIST_KEY_LSUIElement = YES;
				INFOPLIST_KEY_NSHumanReadableCopyright = "";
				LD_RUNPATH_SEARCH_PATHS = (
					"$(inherited)",
					"@executable_path/../Frameworks",
				);
				MARKETING_VERSION = 1.0;
				PRODUCT_BUNDLE_IDENTIFIER = com.daveyspeers.pomodoro;
				PRODUCT_NAME = "$(TARGET_NAME)";
				SWIFT_EMIT_LOC_STRINGS = YES;
				SWIFT_VERSION = 5.0;
			};
			name = Release;
		};
/* End XCBuildConfiguration section */

/* Begin XCConfigurationList section */
		CAF098ED2A1FB1F600606A83 /* Build configuration list for PBXProject "Pomodoro" */ = {
			isa = XCConfigurationList;
			buildConfigurations = (
				CAF098FF2A1FB21500606A83 /* Debug */,
				CAF099002A1FB21500606A83 /* Release */,
			);
			defaultConfigurationIsVisible = 0;
			defaultConfigurationName = Release;
		};
		CAF099012A1FB21500606A83 /* Build configuration list for PBXNativeTarget "Pomodoro" */ = {
			isa = XCConfigurationList;
			buildConfigurations = (
				CAF099022A1FB21500606A83 /* Debug */,
				CAF099032A1FB21500606A83 /* Release */,
			);
			defaultConfigurationIsVisible = 0;
			defaultConfigurationName = Release;
		};
/* End XCConfigurationList section */

/* Begin XCRemoteSwiftPackageReference section */
		CA72DA402A372B7C00998051 /* XCRemoteSwiftPackageReference "SwiftUI-Tooltip" */ = {
			isa = XCRemoteSwiftPackageReference;
			repositoryURL = "https://github.com/quassum/SwiftUI-Tooltip.git";
			requirement = {
				kind = upToNextMajorVersion;
				minimumVersion = 1.0.0;
			};
		};
		CAD1E6662A237A4E00C0C4C8 /* XCRemoteSwiftPackageReference "SwiftUIFontIcon" */ = {
			isa = XCRemoteSwiftPackageReference;
			repositoryURL = "https://github.com/huybuidac/SwiftUIFontIcon";
			requirement = {
				kind = upToNextMajorVersion;
				minimumVersion = 2.0.0;
			};
		};
		CAD7C4DD2A4DBF29009003C9 /* XCRemoteSwiftPackageReference "FloatingButton" */ = {
			isa = XCRemoteSwiftPackageReference;
			repositoryURL = "https://github.com/exyte/FloatingButton";
			requirement = {
				kind = upToNextMajorVersion;
				minimumVersion = 1.0.0;
			};
		};
		CAF099052A1FBB8900606A83 /* XCRemoteSwiftPackageReference "rive-ios" */ = {
			isa = XCRemoteSwiftPackageReference;
			repositoryURL = "https://github.com/rive-app/rive-ios";
			requirement = {
				kind = upToNextMajorVersion;
				minimumVersion = 4.0.0;
			};
		};
/* End XCRemoteSwiftPackageReference section */

/* Begin XCSwiftPackageProductDependency section */
		CA72DA412A372B7C00998051 /* SwiftUITooltip */ = {
			isa = XCSwiftPackageProductDependency;
			package = CA72DA402A372B7C00998051 /* XCRemoteSwiftPackageReference "SwiftUI-Tooltip" */;
			productName = SwiftUITooltip;
		};
		CAD1E6672A237A4E00C0C4C8 /* SwiftUIFontIcon */ = {
			isa = XCSwiftPackageProductDependency;
			package = CAD1E6662A237A4E00C0C4C8 /* XCRemoteSwiftPackageReference "SwiftUIFontIcon" */;
			productName = SwiftUIFontIcon;
		};
		CAD7C4DE2A4DBF29009003C9 /* FloatingButton */ = {
			isa = XCSwiftPackageProductDependency;
			package = CAD7C4DD2A4DBF29009003C9 /* XCRemoteSwiftPackageReference "FloatingButton" */;
			productName = FloatingButton;
		};
		CAF099062A1FBB8900606A83 /* RiveRuntime */ = {
			isa = XCSwiftPackageProductDependency;
			package = CAF099052A1FBB8900606A83 /* XCRemoteSwiftPackageReference "rive-ios" */;
			productName = RiveRuntime;
		};
/* End XCSwiftPackageProductDependency section */

/* Begin XCVersionGroup section */
		CAA996462A39D3920096A7F8 /* DataModel.xcdatamodeld */ = {
			isa = XCVersionGroup;
			children = (
				CAA996472A39D3920096A7F8 /* DataModel.xcdatamodel */,
			);
			currentVersion = CAA996472A39D3920096A7F8 /* DataModel.xcdatamodel */;
			path = DataModel.xcdatamodeld;
			sourceTree = "<group>";
			versionGroupType = wrapper.xcdatamodel;
		};
/* End XCVersionGroup section */
	};
	rootObject = CAF098EA2A1FB1F600606A83 /* Project object */;
}
